<Project xmlns="http://schemas.microsoft.com/developer/msbuild/2003">
    <PropertyGroup>
        <ProjectGuid>{3F2A7C41-9E5B-4D72-B8A3-6C1E0D4F9A21}</ProjectGuid>
        <MainSource>FNCCadSysFMX.dpk</MainSource>
        <Config Condition="'$(Config)'==''">Debug</Config>
        <DCC_DCCCompiler>DCC32</DCC_DCCCompiler>
        <ProjectVersion>20.3</ProjectVersion>
        <FrameworkType>FMX</FrameworkType>
        <Base>True</Base>
        <Platform Condition="'$(Platform)'==''">Win32</Platform>
        <ProjectName Condition="'$(ProjectName)'==''">FNCCadSysFMX</ProjectName>
        <TargetedPlatforms>3</TargetedPlatforms>
        <AppType>Package</AppType>
    </PropertyGroup>
    <PropertyGroup Condition="'$(Config)'=='Base' or '$(Base)'!=''">
        <Base>true</Base>
    </PropertyGroup>
    <PropertyGroup Condition="('$(Platform)'=='Win32' and '$(Base)'=='true') or '$(Base_Win32)'!=''">
        <Base_Win32>true</Base_Win32>
        <CfgParent>Base</CfgParent>
        <Base>true</Base>
    </PropertyGroup>
    <PropertyGroup Condition="('$(Platform)'=='Win64' and '$(Base)'=='true') or '$(Base_Win64)'!=''">
        <Base_Win64>true</Base_Win64>
        <CfgParent>Base</CfgParent>
        <Base>true</Base>
    </PropertyGroup>
    <PropertyGroup Condition="'$(Config)'=='Release' or '$(Cfg_1)'!=''">
        <Cfg_1>true</Cfg_1>
        <CfgParent>Base</CfgParent>
        <Base>true</Base>
    </PropertyGroup>
    <PropertyGroup Condition="'$(Config)'=='Debug' or '$(Cfg_2)'!=''">
        <Cfg_2>true</Cfg_2>
        <CfgParent>Base</CfgParent>
        <Base>true</Base>
    </PropertyGroup>
    <PropertyGroup Condition="'$(Base)'!=''">
        <DCC_IOChecking>false</DCC_IOChecking>
        <DCC_WriteableConstants>true</DCC_WriteableConstants>
        <DCC_LocalDebugSymbols>false</DCC_LocalDebugSymbols>
        <DCC_Description>CADSys 4.2 Lite Version (FMX)</DCC_Description>
        <DCC_DebugInformation>0</DCC_DebugInformation>
        <DCC_AssertionsAtRuntime>false</DCC_AssertionsAtRuntime>
        <DCC_OutputNeverBuildDcps>true</DCC_OutputNeverBuildDcps>
        <GenDll>true</GenDll>
        <GenPackage>true</GenPackage>
        <DCC_SymbolReferenceInfo>0</DCC_SymbolReferenceInfo>
        <DCC_ImageBase>00400000</DCC_ImageBase>
        <SanitizedProjectName>FNCCadSysFMX</SanitizedProjectName>
        <DCC_Define>CADSYS_FMX;$(DCC_Define)</DCC_Define>
        <DCC_Namespace>System;Xml;Data;Datasnap;Web;Soap;FMX;$(DCC_Namespace)</DCC_Namespace>
        <DCC_UnitSearchPath>..\..\Generated\FMX;$(DCC_UnitSearchPath)</DCC_UnitSearchPath>
        <DCC_IncludePath>..\..\Generated\FMX;$(DCC_IncludePath)</DCC_IncludePath>
        <VerInfo_IncludeVerInfo>true</VerInfo_IncludeVerInfo>
        <VerInfo_MajorVer>4</VerInfo_MajorVer>
        <VerInfo_MinorVer>2</VerInfo_MinorVer>
        <VerInfo_Release>1</VerInfo_Release>
        <VerInfo_Locale>1033</VerInfo_Locale>
        <VerInfo_Keys>CompanyName=Piero Valagussa;FileDescription=CADSys 4.2 Lite Version (FMX);FileVersion=4.2.1.0;InternalName=FNCCadSysFMX;LegalCopyright=Piero Valagussa;LegalTrademarks=;OriginalFilename=FNCCadSysFMX;ProductName=FNCCadSysFMX;ProductVersion=4.2.0.2;Comments=</VerInfo_Keys>
    </PropertyGroup>
    <PropertyGroup Condition="'$(Base_Win32)'!=''">
        <DCC_Namespace>Winapi;System.Win;Data.Win;Datasnap.Win;Web.Win;Soap.Win;Xml.Win;$(DCC_Namespace)</DCC_Namespace>
        <DCC_UsePackage>rtl;fmx;dbrtl;xmlrtl;bindengine;bindcomp;FMXTMSFNCCorePkg;$(DCC_UsePackage)</DCC_UsePackage>
        <BT_BuildType>Debug</BT_BuildType>
    </PropertyGroup>
    <PropertyGroup Condition="'$(Base_Win64)'!=''">
        <DCC_Namespace>Winapi;System.Win;Data.Win;Datasnap.Win;Web.Win;Soap.Win;Xml.Win;$(DCC_Namespace)</DCC_Namespace>
        <DCC_UsePackage>rtl;fmx;dbrtl;xmlrtl;bindengine;bindcomp;FMXTMSFNCCorePkg;$(DCC_UsePackage)</DCC_UsePackage>
        <BT_BuildType>Debug</BT_BuildType>
    </PropertyGroup>
    <PropertyGroup Condition="'$(Cfg_1)'!=''">
        <DCC_LocalDebugSymbols>false</DCC_LocalDebugSymbols>
        <DCC_Define>RELEASE;$(DCC_Define)</DCC_Define>
        <DCC_SymbolReferenceInfo>0</DCC_SymbolReferenceInfo>
    </PropertyGroup>
    <PropertyGroup Condition="'$(Cfg_2)'!=''">
        <DCC_Define>DEBUG;$(DCC_Define)</DCC_Define>
    </PropertyGroup>
    <ItemGroup>
        <DelphiCompile Include="$(MainSource)">
            <MainSource>MainSource</MainSource>
        </DelphiCompile>
        <DCCReference Include="rtl.dcp"/>
        <DCCReference Include="fmx.dcp"/>
        <DCCReference Include="dbrtl.dcp"/>
        <DCCReference Include="xmlrtl.dcp"/>
        <DCCReference Include="bindengine.dcp"/>
        <DCCReference Include="bindcomp.dcp"/>
        <DCCReference Include="FMXTMSFNCCorePkg.dcp"/>
        <DCCReference Include="..\..\Generated\FMX\FNCCADSys4.pas"/>
        <DCCReference Include="..\..\Generated\FMX\FNCCS4BaseTypes.pas"/>
        <DCCReference Include="..\..\Generated\FMX\FNCCS4Graphics.pas"/>
        <DCCReference Include="..\..\Generated\FMX\FNCCS4JSON.pas"/>
        <DCCReference Include="..\..\Generated\FMX\FNCCS4GraphicsFNC.pas"/>
        <DCCReference Include="..\..\Generated\FMX\FNCCS4DXFModule.pas"/>
        <DCCReference Include="..\..\Generated\FMX\FNCCS4Legacy.pas"/>
        <DCCReference Include="..\..\Generated\FMX\FNCCS4Shapes.pas"/>
        <DCCReference Include="..\..\Generated\FMX\FNCCS4Tasks.pas"/>
        <DCCReference Include="..\..\Generated\FMX\FNCCS4Views.pas"/>
        <DCCReference Include="..\..\Generated\FMX\FNCCadSysRegister.pas"/>
        <BuildConfiguration Include="Base">
            <Key>Base</Key>
        </BuildConfiguration>
        <BuildConfiguration Include="Release">
            <Key>Cfg_1</Key>
            <CfgParent>Base</CfgParent>
        </BuildConfiguration>
        <BuildConfiguration Include="Debug">
            <Key>Cfg_2</Key>
            <CfgParent>Base</CfgParent>
        </BuildConfiguration>
    </ItemGroup>
    <Import Project="$(BDS)\Bin\CodeGear.Delphi.Targets" Condition="Exists('$(BDS)\Bin\CodeGear.Delphi.Targets')"/>
    <ProjectExtensions>
        <Borland.Personality>Delphi.Personality.12</Borland.Personality>
        <Borland.ProjectType>Package</Borland.ProjectType>
        <BorlandProject>
            <Delphi.Personality>
                <Source>
                    <Source Name="MainSource">FNCCadSysFMX.dpk</Source>
                </Source>
            </Delphi.Personality>
        </BorlandProject>
    </ProjectExtensions>
    <Import Project="$(MSBuildProjectName).deployproj" Condition="Exists('$(MSBuildProjectName).deployproj')"/>
</Project>
